// !$*UTF8*$!
{
	archiveVersion = 1;
	classes = {
	};
	objectVersion = 51;
	objects = {

/* Begin PBXBuildFile section */
		94AADE2B2DD8B5CBF5455C57 /* Pods_Visited.framework in Frameworks */ = {isa = PBXBuildFile; fileRef = 666C3D1646D494A9E2917B70 /* Pods_Visited.framework */; };
		BA7B058B230576D400D6F244 /* AppDelegate.swift in Sources */ = {isa = PBXBuildFile; fileRef = BA7B058A230576D400D6F244 /* AppDelegate.swift */; };
		BA7B0590230576D400D6F244 /* Main.storyboard in Resources */ = {isa = PBXBuildFile; fileRef = BA7B058E230576D400D6F244 /* Main.storyboard */; };
		BA7B0592230576D500D6F244 /* Assets.xcassets in Resources */ = {isa = PBXBuildFile; fileRef = BA7B0591230576D500D6F244 /* Assets.xcassets */; };
		BA7B0595230576D500D6F244 /* LaunchScreen.storyboard in Resources */ = {isa = PBXBuildFile; fileRef = BA7B0593230576D500D6F244 /* LaunchScreen.storyboard */; };
		BA7B059D230577FA00D6F244 /* MainViewController.swift in Sources */ = {isa = PBXBuildFile; fileRef = BA7B059C230577FA00D6F244 /* MainViewController.swift */; };
		BA7B059F2308479C00D6F244 /* CustomTableViewCell.swift in Sources */ = {isa = PBXBuildFile; fileRef = BA7B059E2308479C00D6F244 /* CustomTableViewCell.swift */; };
		BA7B05A123084F6900D6F244 /* PlaceModel.swift in Sources */ = {isa = PBXBuildFile; fileRef = BA7B05A023084F6900D6F244 /* PlaceModel.swift */; };
		BA7B05A32308AEE700D6F244 /* NewPlaceTableViewController.swift in Sources */ = {isa = PBXBuildFile; fileRef = BA7B05A22308AEE700D6F244 /* NewPlaceTableViewController.swift */; };
		BA8146D42309734900DB2CA5 /* StorageManager.swift in Sources */ = {isa = PBXBuildFile; fileRef = BA8146D32309734900DB2CA5 /* StorageManager.swift */; };
		BAA19915231126A60002CA37 /* UIStackViewExtensions.swift in Sources */ = {isa = PBXBuildFile; fileRef = BAA19914231126A60002CA37 /* UIStackViewExtensions.swift */; };
		BAA42777230F03A900ABC763 /* MapViewControllerExtensions.swift in Sources */ = {isa = PBXBuildFile; fileRef = BAA42776230F03A900ABC763 /* MapViewControllerExtensions.swift */; };
		BAB158CD230DDB7900D26AC6 /* MainViewControllerExtensions.swift in Sources */ = {isa = PBXBuildFile; fileRef = BAB158CC230DDB7900D26AC6 /* MainViewControllerExtensions.swift */; };
		BAB158CF230DDB9000D26AC6 /* NewPlaceTableViewControllerExtensions.swift in Sources */ = {isa = PBXBuildFile; fileRef = BAB158CE230DDB9000D26AC6 /* NewPlaceTableViewControllerExtensions.swift */; };
		BAF6990E230ED6A600504656 /* MapViewController.swift in Sources */ = {isa = PBXBuildFile; fileRef = BAF6990D230ED6A600504656 /* MapViewController.swift */; };
/* End PBXBuildFile section */

/* Begin PBXFileReference section */
		322403FAADFAC845BB8ACD39 /* Pods-Visited.debug.xcconfig */ = {isa = PBXFileReference; includeInIndex = 1; lastKnownFileType = text.xcconfig; name = "Pods-Visited.debug.xcconfig"; path = "Target Support Files/Pods-Visited/Pods-Visited.debug.xcconfig"; sourceTree = "<group>"; };
		666C3D1646D494A9E2917B70 /* Pods_Visited.framework */ = {isa = PBXFileReference; explicitFileType = wrapper.framework; includeInIndex = 0; path = Pods_Visited.framework; sourceTree = BUILT_PRODUCTS_DIR; };
		BA7B0587230576D400D6F244 /* Visited.app */ = {isa = PBXFileReference; explicitFileType = wrapper.application; includeInIndex = 0; path = Visited.app; sourceTree = BUILT_PRODUCTS_DIR; };
		BA7B058A230576D400D6F244 /* AppDelegate.swift */ = {isa = PBXFileReference; lastKnownFileType = sourcecode.swift; path = AppDelegate.swift; sourceTree = "<group>"; };
		BA7B058F230576D400D6F244 /* Base */ = {isa = PBXFileReference; lastKnownFileType = file.storyboard; name = Base; path = Base.lproj/Main.storyboard; sourceTree = "<group>"; };
		BA7B0591230576D500D6F244 /* Assets.xcassets */ = {isa = PBXFileReference; lastKnownFileType = folder.assetcatalog; path = Assets.xcassets; sourceTree = "<group>"; };
		BA7B0594230576D500D6F244 /* Base */ = {isa = PBXFileReference; lastKnownFileType = file.storyboard; name = Base; path = Base.lproj/LaunchScreen.storyboard; sourceTree = "<group>"; };
		BA7B0596230576D500D6F244 /* Info.plist */ = {isa = PBXFileReference; lastKnownFileType = text.plist.xml; path = Info.plist; sourceTree = "<group>"; };
		BA7B059C230577FA00D6F244 /* MainViewController.swift */ = {isa = PBXFileReference; lastKnownFileType = sourcecode.swift; path = MainViewController.swift; sourceTree = "<group>"; };
		BA7B059E2308479C00D6F244 /* CustomTableViewCell.swift */ = {isa = PBXFileReference; lastKnownFileType = sourcecode.swift; path = CustomTableViewCell.swift; sourceTree = "<group>"; };
		BA7B05A023084F6900D6F244 /* PlaceModel.swift */ = {isa = PBXFileReference; lastKnownFileType = sourcecode.swift; path = PlaceModel.swift; sourceTree = "<group>"; };
		BA7B05A22308AEE700D6F244 /* NewPlaceTableViewController.swift */ = {isa = PBXFileReference; lastKnownFileType = sourcecode.swift; path = NewPlaceTableViewController.swift; sourceTree = "<group>"; };
		BA8146D32309734900DB2CA5 /* StorageManager.swift */ = {isa = PBXFileReference; lastKnownFileType = sourcecode.swift; path = StorageManager.swift; sourceTree = "<group>"; };
		BAA19914231126A60002CA37 /* UIStackViewExtensions.swift */ = {isa = PBXFileReference; lastKnownFileType = sourcecode.swift; path = UIStackViewExtensions.swift; sourceTree = "<group>"; };
		BAA42776230F03A900ABC763 /* MapViewControllerExtensions.swift */ = {isa = PBXFileReference; lastKnownFileType = sourcecode.swift; path = MapViewControllerExtensions.swift; sourceTree = "<group>"; };
		BAB158CC230DDB7900D26AC6 /* MainViewControllerExtensions.swift */ = {isa = PBXFileReference; lastKnownFileType = sourcecode.swift; path = MainViewControllerExtensions.swift; sourceTree = "<group>"; };
		BAB158CE230DDB9000D26AC6 /* NewPlaceTableViewControllerExtensions.swift */ = {isa = PBXFileReference; lastKnownFileType = sourcecode.swift; path = NewPlaceTableViewControllerExtensions.swift; sourceTree = "<group>"; };
		BAF6990D230ED6A600504656 /* MapViewController.swift */ = {isa = PBXFileReference; lastKnownFileType = sourcecode.swift; path = MapViewController.swift; sourceTree = "<group>"; };
		C4F16584B6A99FE4093543B7 /* Pods-Visited.release.xcconfig */ = {isa = PBXFileReference; includeInIndex = 1; lastKnownFileType = text.xcconfig; name = "Pods-Visited.release.xcconfig"; path = "Target Support Files/Pods-Visited/Pods-Visited.release.xcconfig"; sourceTree = "<group>"; };
/* End PBXFileReference section */

/* Begin PBXFrameworksBuildPhase section */
		BA7B0584230576D400D6F244 /* Frameworks */ = {
			isa = PBXFrameworksBuildPhase;
			buildActionMask = 2147483647;
			files = (
				94AADE2B2DD8B5CBF5455C57 /* Pods_Visited.framework in Frameworks */,
			);
			runOnlyForDeploymentPostprocessing = 0;
		};
/* End PBXFrameworksBuildPhase section */

/* Begin PBXGroup section */
		676CEC8A713CDBC873B4A7EE /* Frameworks */ = {
			isa = PBXGroup;
			children = (
				666C3D1646D494A9E2917B70 /* Pods_Visited.framework */,
			);
			name = Frameworks;
			sourceTree = "<group>";
		};
		BA7B057E230576D400D6F244 = {
			isa = PBXGroup;
			children = (
				BA7B0589230576D400D6F244 /* Visited */,
				BA7B0588230576D400D6F244 /* Products */,
				BBADE691238116C5FC24C49A /* Pods */,
				676CEC8A713CDBC873B4A7EE /* Frameworks */,
			);
			sourceTree = "<group>";
		};
		BA7B0588230576D400D6F244 /* Products */ = {
			isa = PBXGroup;
			children = (
				BA7B0587230576D400D6F244 /* Visited.app */,
			);
			name = Products;
			sourceTree = "<group>";
		};
		BA7B0589230576D400D6F244 /* Visited */ = {
			isa = PBXGroup;
			children = (
				BA7B058A230576D400D6F244 /* AppDelegate.swift */,
				BAA19914231126A60002CA37 /* UIStackViewExtensions.swift */,
				BA7B059C230577FA00D6F244 /* MainViewController.swift */,
				BAB158CC230DDB7900D26AC6 /* MainViewControllerExtensions.swift */,
				BA7B05A22308AEE700D6F244 /* NewPlaceTableViewController.swift */,
				BAB158CE230DDB9000D26AC6 /* NewPlaceTableViewControllerExtensions.swift */,
				BAF6990D230ED6A600504656 /* MapViewController.swift */,
				BAA42776230F03A900ABC763 /* MapViewControllerExtensions.swift */,
				BA7B05A023084F6900D6F244 /* PlaceModel.swift */,
				BA8146D32309734900DB2CA5 /* StorageManager.swift */,
				BA7B059E2308479C00D6F244 /* CustomTableViewCell.swift */,
				BA7B058E230576D400D6F244 /* Main.storyboard */,
				BA7B0591230576D500D6F244 /* Assets.xcassets */,
				BA7B0593230576D500D6F244 /* LaunchScreen.storyboard */,
				BA7B0596230576D500D6F244 /* Info.plist */,
			);
			path = Visited;
			sourceTree = "<group>";
		};
		BBADE691238116C5FC24C49A /* Pods */ = {
			isa = PBXGroup;
			children = (
				322403FAADFAC845BB8ACD39 /* Pods-Visited.debug.xcconfig */,
				C4F16584B6A99FE4093543B7 /* Pods-Visited.release.xcconfig */,
			);
			path = Pods;
			sourceTree = "<group>";
		};
/* End PBXGroup section */

/* Begin PBXNativeTarget section */
		BA7B0586230576D400D6F244 /* Visited */ = {
			isa = PBXNativeTarget;
			buildConfigurationList = BA7B0599230576D500D6F244 /* Build configuration list for PBXNativeTarget "Visited" */;
			buildPhases = (
				6621E6C8F681885561D086BE /* [CP] Check Pods Manifest.lock */,
				BA7B0583230576D400D6F244 /* Sources */,
				BA7B0584230576D400D6F244 /* Frameworks */,
				BA7B0585230576D400D6F244 /* Resources */,
				18EC42651F9FE6611DDFA377 /* [CP] Embed Pods Frameworks */,
			);
			buildRules = (
			);
			dependencies = (
			);
			name = Visited;
			productName = Visited;
			productReference = BA7B0587230576D400D6F244 /* Visited.app */;
			productType = "com.apple.product-type.application";
		};
/* End PBXNativeTarget section */

/* Begin PBXProject section */
		BA7B057F230576D400D6F244 /* Project object */ = {
			isa = PBXProject;
			attributes = {
				LastSwiftUpdateCheck = 1020;
				LastUpgradeCheck = 1020;
				ORGANIZATIONNAME = Artemiy;
				TargetAttributes = {
					BA7B0586230576D400D6F244 = {
						CreatedOnToolsVersion = 10.2.1;
					};
				};
			};
			buildConfigurationList = BA7B0582230576D400D6F244 /* Build configuration list for PBXProject "Visited" */;
			compatibilityVersion = "Xcode 9.3";
			developmentRegion = en;
			hasScannedForEncodings = 0;
			knownRegions = (
				en,
				Base,
			);
			mainGroup = BA7B057E230576D400D6F244;
			productRefGroup = BA7B0588230576D400D6F244 /* Products */;
			projectDirPath = "";
			projectRoot = "";
			targets = (
				BA7B0586230576D400D6F244 /* Visited */,
			);
		};
/* End PBXProject section */

/* Begin PBXResourcesBuildPhase section */
		BA7B0585230576D400D6F244 /* Resources */ = {
			isa = PBXResourcesBuildPhase;
			buildActionMask = 2147483647;
			files = (
				BA7B0595230576D500D6F244 /* LaunchScreen.storyboard in Resources */,
				BA7B0592230576D500D6F244 /* Assets.xcassets in Resources */,
				BA7B0590230576D400D6F244 /* Main.storyboard in Resources */,
			);
			runOnlyForDeploymentPostprocessing = 0;
		};
/* End PBXResourcesBuildPhase section */

/* Begin PBXShellScriptBuildPhase section */
		18EC42651F9FE6611DDFA377 /* [CP] Embed Pods Frameworks */ = {
			isa = PBXShellScriptBuildPhase;
			buildActionMask = 2147483647;
			files = (
			);
			inputFileListPaths = (
				"${PODS_ROOT}/Target Support Files/Pods-Visited/Pods-Visited-frameworks-${CONFIGURATION}-input-files.xcfilelist",
			);
			name = "[CP] Embed Pods Frameworks";
			outputFileListPaths = (
				"${PODS_ROOT}/Target Support Files/Pods-Visited/Pods-Visited-frameworks-${CONFIGURATION}-output-files.xcfilelist",
			);
			runOnlyForDeploymentPostprocessing = 0;
			shellPath = /bin/sh;
			shellScript = "\"${PODS_ROOT}/Target Support Files/Pods-Visited/Pods-Visited-frameworks.sh\"\n";
			showEnvVarsInLog = 0;
		};
		6621E6C8F681885561D086BE /* [CP] Check Pods Manifest.lock */ = {
			isa = PBXShellScriptBuildPhase;
			buildActionMask = 2147483647;
			files = (
			);
			inputFileListPaths = (
			);
			inputPaths = (
				"${PODS_PODFILE_DIR_PATH}/Podfile.lock",
				"${PODS_ROOT}/Manifest.lock",
			);
			name = "[CP] Check Pods Manifest.lock";
			outputFileListPaths = (
			);
			outputPaths = (
				"$(DERIVED_FILE_DIR)/Pods-Visited-checkManifestLockResult.txt",
			);
			runOnlyForDeploymentPostprocessing = 0;
			shellPath = /bin/sh;
			shellScript = "diff \"${PODS_PODFILE_DIR_PATH}/Podfile.lock\" \"${PODS_ROOT}/Manifest.lock\" > /dev/null\nif [ $? != 0 ] ; then\n    # print error to STDERR\n    echo \"error: The sandbox is not in sync with the Podfile.lock. Run 'pod install' or update your CocoaPods installation.\" >&2\n    exit 1\nfi\n# This output is used by Xcode 'outputs' to avoid re-running this script phase.\necho \"SUCCESS\" > \"${SCRIPT_OUTPUT_FILE_0}\"\n";
			showEnvVarsInLog = 0;
		};
/* End PBXShellScriptBuildPhase section */

/* Begin PBXSourcesBuildPhase section */
		BA7B0583230576D400D6F244 /* Sources */ = {
			isa = PBXSourcesBuildPhase;
			buildActionMask = 2147483647;
			files = (
				BA7B059F2308479C00D6F244 /* CustomTableViewCell.swift in Sources */,
				BA7B05A123084F6900D6F244 /* PlaceModel.swift in Sources */,
				BA7B059D230577FA00D6F244 /* MainViewController.swift in Sources */,
				BA8146D42309734900DB2CA5 /* StorageManager.swift in Sources */,
				BAF6990E230ED6A600504656 /* MapViewController.swift in Sources */,
				BAB158CF230DDB9000D26AC6 /* NewPlaceTableViewControllerExtensions.swift in Sources */,
				BA7B058B230576D400D6F244 /* AppDelegate.swift in Sources */,
				BAA19915231126A60002CA37 /* UIStackViewExtensions.swift in Sources */,
				BAA42777230F03A900ABC763 /* MapViewControllerExtensions.swift in Sources */,
				BAB158CD230DDB7900D26AC6 /* MainViewControllerExtensions.swift in Sources */,
				BA7B05A32308AEE700D6F244 /* NewPlaceTableViewController.swift in Sources */,
			);
			runOnlyForDeploymentPostprocessing = 0;
		};
/* End PBXSourcesBuildPhase section */

/* Begin PBXVariantGroup section */
		BA7B058E230576D400D6F244 /* Main.storyboard */ = {
			isa = PBXVariantGroup;
			children = (
				BA7B058F230576D400D6F244 /* Base */,
			);
			name = Main.storyboard;
			sourceTree = "<group>";
		};
		BA7B0593230576D500D6F244 /* LaunchScreen.storyboard */ = {
			isa = PBXVariantGroup;
			children = (
				BA7B0594230576D500D6F244 /* Base */,
			);
			name = LaunchScreen.storyboard;
			sourceTree = "<group>";
		};
/* End PBXVariantGroup section */

/* Begin XCBuildConfiguration section */
		BA7B0597230576D500D6F244 /* Debug */ = {
			isa = XCBuildConfiguration;
			buildSettings = {
				ALWAYS_SEARCH_USER_PATHS = NO;
				CLANG_ANALYZER_NONNULL = YES;
				CLANG_ANALYZER_NUMBER_OBJECT_CONVERSION = YES_AGGRESSIVE;
				CLANG_CXX_LANGUAGE_STANDARD = "gnu++14";
				CLANG_CXX_LIBRARY = "libc++";
				CLANG_ENABLE_MODULES = YES;
				CLANG_ENABLE_OBJC_ARC = YES;
				CLANG_ENABLE_OBJC_WEAK = YES;
				CLANG_WARN_BLOCK_CAPTURE_AUTORELEASING = YES;
				CLANG_WARN_BOOL_CONVERSION = YES;
				CLANG_WARN_COMMA = YES;
				CLANG_WARN_CONSTANT_CONVERSION = YES;
				CLANG_WARN_DEPRECATED_OBJC_IMPLEMENTATIONS = YES;
				CLANG_WARN_DIRECT_OBJC_ISA_USAGE = YES_ERROR;
				CLANG_WARN_DOCUMENTATION_COMMENTS = YES;
				CLANG_WARN_EMPTY_BODY = YES;
				CLANG_WARN_ENUM_CONVERSION = YES;
				CLANG_WARN_INFINITE_RECURSION = YES;
				CLANG_WARN_INT_CONVERSION = YES;
				CLANG_WARN_NON_LITERAL_NULL_CONVERSION = YES;
				CLANG_WARN_OBJC_IMPLICIT_RETAIN_SELF = YES;
				CLANG_WARN_OBJC_LITERAL_CONVERSION = YES;
				CLANG_WARN_OBJC_ROOT_CLASS = YES_ERROR;
				CLANG_WARN_RANGE_LOOP_ANALYSIS = YES;
				CLANG_WARN_STRICT_PROTOTYPES = YES;
				CLANG_WARN_SUSPICIOUS_MOVE = YES;
				CLANG_WARN_UNGUARDED_AVAILABILITY = YES_AGGRESSIVE;
				CLANG_WARN_UNREACHABLE_CODE = YES;
				CLANG_WARN__DUPLICATE_METHOD_MATCH = YES;
				CODE_SIGN_IDENTITY = "iPhone Developer";
				COPY_PHASE_STRIP = NO;
				DEBUG_INFORMATION_FORMAT = dwarf;
				ENABLE_STRICT_OBJC_MSGSEND = YES;
				ENABLE_TESTABILITY = YES;
				GCC_C_LANGUAGE_STANDARD = gnu11;
				GCC_DYNAMIC_NO_PIC = NO;
				GCC_NO_COMMON_BLOCKS = YES;
				GCC_OPTIMIZATION_LEVEL = 0;
				GCC_PREPROCESSOR_DEFINITIONS = (
					"DEBUG=1",
					"$(inherited)",
				);
				GCC_WARN_64_TO_32_BIT_CONVERSION = YES;
				GCC_WARN_ABOUT_RETURN_TYPE = YES_ERROR;
				GCC_WARN_UNDECLARED_SELECTOR = YES;
				GCC_WARN_UNINITIALIZED_AUTOS = YES_AGGRESSIVE;
				GCC_WARN_UNUSED_FUNCTION = YES;
				GCC_WARN_UNUSED_VARIABLE = YES;
				IPHONEOS_DEPLOYMENT_TARGET = 12.2;
				MTL_ENABLE_DEBUG_INFO = INCLUDE_SOURCE;
				MTL_FAST_MATH = YES;
				ONLY_ACTIVE_ARCH = YES;
				SDKROOT = iphoneos;
				SWIFT_ACTIVE_COMPILATION_CONDITIONS = DEBUG;
				SWIFT_OPTIMIZATION_LEVEL = "-Onone";
			};
			name = Debug;
		};
		BA7B0598230576D500D6F244 /* Release */ = {
			isa = XCBuildConfiguration;
			buildSettings = {
				ALWAYS_SEARCH_USER_PATHS = NO;
				CLANG_ANALYZER_NONNULL = YES;
				CLANG_ANALYZER_NUMBER_OBJECT_CONVERSION = YES_AGGRESSIVE;
				CLANG_CXX_LANGUAGE_STANDARD = "gnu++14";
				CLANG_CXX_LIBRARY = "libc++";
				CLANG_ENABLE_MODULES = YES;
				CLANG_ENABLE_OBJC_ARC = YES;
				CLANG_ENABLE_OBJC_WEAK = YES;
				CLANG_WARN_BLOCK_CAPTURE_AUTORELEASING = YES;
				CLANG_WARN_BOOL_CONVERSION = YES;
				CLANG_WARN_COMMA = YES;
				CLANG_WARN_CONSTANT_CONVERSION = YES;
				CLANG_WARN_DEPRECATED_OBJC_IMPLEMENTATIONS = YES;
				CLANG_WARN_DIRECT_OBJC_ISA_USAGE = YES_ERROR;
				CLANG_WARN_DOCUMENTATION_COMMENTS = YES;
				CLANG_WARN_EMPTY_BODY = YES;
				CLANG_WARN_ENUM_CONVERSION = YES;
				CLANG_WARN_INFINITE_RECURSION = YES;
				CLANG_WARN_INT_CONVERSION = YES;
				CLANG_WARN_NON_LITERAL_NULL_CONVERSION = YES;
				CLANG_WARN_OBJC_IMPLICIT_RETAIN_SELF = YES;
				CLANG_WARN_OBJC_LITERAL_CONVERSION = YES;
				CLANG_WARN_OBJC_ROOT_CLASS = YES_ERROR;
				CLANG_WARN_RANGE_LOOP_ANALYSIS = YES;
				CLANG_WARN_STRICT_PROTOTYPES = YES;
				CLANG_WARN_SUSPICIOUS_MOVE = YES;
				CLANG_WARN_UNGUARDED_AVAILABILITY = YES_AGGRESSIVE;
				CLANG_WARN_UNREACHABLE_CODE = YES;
				CLANG_WARN__DUPLICATE_METHOD_MATCH = YES;
				CODE_SIGN_IDENTITY = "iPhone Developer";
				COPY_PHASE_STRIP = NO;
				DEBUG_INFORMATION_FORMAT = "dwarf-with-dsym";
				ENABLE_NS_ASSERTIONS = NO;
				ENABLE_STRICT_OBJC_MSGSEND = YES;
				GCC_C_LANGUAGE_STANDARD = gnu11;
				GCC_NO_COMMON_BLOCKS = YES;
				GCC_WARN_64_TO_32_BIT_CONVERSION = YES;
				GCC_WARN_ABOUT_RETURN_TYPE = YES_ERROR;
				GCC_WARN_UNDECLARED_SELECTOR = YES;
				GCC_WARN_UNINITIALIZED_AUTOS = YES_AGGRESSIVE;
				GCC_WARN_UNUSED_FUNCTION = YES;
				GCC_WARN_UNUSED_VARIABLE = YES;
				IPHONEOS_DEPLOYMENT_TARGET = 12.2;
				MTL_ENABLE_DEBUG_INFO = NO;
				MTL_FAST_MATH = YES;
				SDKROOT = iphoneos;
				SWIFT_COMPILATION_MODE = wholemodule;
				SWIFT_OPTIMIZATION_LEVEL = "-O";
				VALIDATE_PRODUCT = YES;
			};
			name = Release;
		};
		BA7B059A230576D500D6F244 /* Debug */ = {
			isa = XCBuildConfiguration;
			baseConfigurationReference = 322403FAADFAC845BB8ACD39 /* Pods-Visited.debug.xcconfig */;
			buildSettings = {
				ASSETCATALOG_COMPILER_APPICON_NAME = AppIcon;
				CODE_SIGN_STYLE = Automatic;
				DEVELOPMENT_TEAM = 7D9HCV7P57;
				INFOPLIST_FILE = Visited/Info.plist;
				LD_RUNPATH_SEARCH_PATHS = (
					"$(inherited)",
					"@executable_path/Frameworks",
				);
				PRODUCT_BUNDLE_IDENTIFIER = artemiyorganization.Visited;
				PRODUCT_NAME = "$(TARGET_NAME)";
				SWIFT_VERSION = 5.0;
				TARGETED_DEVICE_FAMILY = 1;
			};
			name = Debug;
		};
		BA7B059B230576D500D6F244 /* Release */ = {
			isa = XCBuildConfiguration;
			baseConfigurationReference = C4F16584B6A99FE4093543B7 /* Pods-Visited.release.xcconfig */;
			buildSettings = {
				ASSETCATALOG_COMPILER_APPICON_NAME = AppIcon;
				CODE_SIGN_STYLE = Automatic;
				DEVELOPMENT_TEAM = 7D9HCV7P57;
				INFOPLIST_FILE = Visited/Info.plist;
				LD_RUNPATH_SEARCH_PATHS = (
					"$(inherited)",
					"@executable_path/Frameworks",
				);
				PRODUCT_BUNDLE_IDENTIFIER = artemiyorganization.Visited;
				PRODUCT_NAME = "$(TARGET_NAME)";
				SWIFT_VERSION = 5.0;
				TARGETED_DEVICE_FAMILY = 1;
			};
			name = Release;
		};
/* End XCBuildConfiguration section */

/* Begin XCConfigurationList section */
		BA7B0582230576D400D6F244 /* Build configuration list for PBXProject "Visited" */ = {
			isa = XCConfigurationList;
			buildConfigurations = (
				BA7B0597230576D500D6F244 /* Debug */,
				BA7B0598230576D500D6F244 /* Release */,
			);
			defaultConfigurationIsVisible = 0;
			defaultConfigurationName = Release;
		};
		BA7B0599230576D500D6F244 /* Build configuration list for PBXNativeTarget "Visited" */ = {
			isa = XCConfigurationList;
			buildConfigurations = (
				BA7B059A230576D500D6F244 /* Debug */,
				BA7B059B230576D500D6F244 /* Release */,
			);
			defaultConfigurationIsVisible = 0;
			defaultConfigurationName = Release;
		};
/* End XCConfigurationList section */
	};
	rootObject = BA7B057F230576D400D6F244 /* Project object */;
}
